
Microsoft Visual Studio Solution File, Format Version 12.00
# Visual Studio Version 16
VisualStudioVersion = 16.0.28917.182
MinimumVisualStudioVersion = 10.0.40219.1
Project("{2150E333-8FDC-42A3-9474-1A3956D46DE8}") = "automotiveMastermind", "automotiveMastermind", "{C64C5217-D64B-497D-BD85-47284F18D167}"
EndProject
Project("{2150E333-8FDC-42A3-9474-1A3956D46DE8}") = "Task1", "Task1", "{40E3D954-B779-49DE-B045-F96C886CC960}"
	ProjectSection(SolutionItems) = preProject
		automotiveMastermind\Task1\Description.md = automotiveMastermind\Task1\Description.md
		automotiveMastermind\Task1\Reddit.dacpac = automotiveMastermind\Task1\Reddit.dacpac
		automotiveMastermind\Task1\Solution.md = automotiveMastermind\Task1\Solution.md
	EndProjectSection
EndProject
Project("{9A19103F-16F7-4668-BE54-9A1E7A4F7556}") = "Converter", "automotiveMastermind\Task2\Converter\Converter.csproj", "{B8F941B2-AB4C-4169-9F14-7F271D494FC7}"
EndProject
Project("{9A19103F-16F7-4668-BE54-9A1E7A4F7556}") = "Converter.Tests", "automotiveMastermind\Task2\Converter.Tests\Converter.Tests.csproj", "{B4B9E5B4-BC54-4D6F-93F4-E86938152D71}"
EndProject
Project("{2150E333-8FDC-42A3-9474-1A3956D46DE8}") = "Task2", "Task2", "{5B3E812C-CCC4-4F14-B5AC-64CCE38957D0}"
	ProjectSection(SolutionItems) = preProject
		automotiveMastermind\Task2\Description.md = automotiveMastermind\Task2\Description.md
	EndProjectSection
EndProject
Project("{2150E333-8FDC-42A3-9474-1A3956D46DE8}") = "Microsoft", "Microsoft", "{4B31D763-7865-4DBB-B7B2-6A8A97F65437}"
EndProject
Project("{2150E333-8FDC-42A3-9474-1A3956D46DE8}") = "Task1", "Task1", "{BC95BFC3-EB5D-4327-8686-F24094F335CA}"
	ProjectSection(SolutionItems) = preProject
		Microsoft\Task1\Description.md = Microsoft\Task1\Description.md
	EndProjectSection
EndProject
Project("{9A19103F-16F7-4668-BE54-9A1E7A4F7556}") = "Matrix", "Microsoft\Task1\Matrix\Matrix.csproj", "{75EC5CCF-C3B1-4831-BB6F-1D93B553812C}"
EndProject
Project("{9A19103F-16F7-4668-BE54-9A1E7A4F7556}") = "Matrix.Tests", "Microsoft\Task1\Matrix.Tests\Matrix.Tests.csproj", "{8C98421F-2F52-42E5-8CF2-C822829146B1}"
EndProject
Project("{2150E333-8FDC-42A3-9474-1A3956D46DE8}") = "Task2", "Task2", "{28DF45CF-681F-4AC5-83B8-22F6B38AEA1D}"
	ProjectSection(SolutionItems) = preProject
		Microsoft\Task2\Description.md = Microsoft\Task2\Description.md
	EndProjectSection
EndProject
Project("{9A19103F-16F7-4668-BE54-9A1E7A4F7556}") = "Triangle", "Microsoft\Task2\Triangle\Triangle.csproj", "{5108DD4D-23C0-4E70-BFAE-2A6C4A60A3B1}"
EndProject
Project("{9A19103F-16F7-4668-BE54-9A1E7A4F7556}") = "Triangle.Tests", "Microsoft\Task2\Triangle.Tests\Triangle.Tests.csproj", "{14322115-5B74-47A8-9BA9-676E03D3F45D}"
EndProject
Project("{2150E333-8FDC-42A3-9474-1A3956D46DE8}") = "Roblox", "Roblox", "{38475E4E-39F4-469C-9ECC-EFE8A42EC2AF}"
EndProject
Project("{2150E333-8FDC-42A3-9474-1A3956D46DE8}") = "Task1", "Task1", "{A746239B-B6F8-4F67-886D-5C3DF70CEA41}"
	ProjectSection(SolutionItems) = preProject
		Roblox\Task1\Description.md = Roblox\Task1\Description.md
	EndProjectSection
EndProject
Project("{9A19103F-16F7-4668-BE54-9A1E7A4F7556}") = "Calculator", "Roblox\Task1\Calculator\Calculator.csproj", "{4719DBB8-4F5E-4458-80C5-E99098C99F55}"
EndProject
Project("{9A19103F-16F7-4668-BE54-9A1E7A4F7556}") = "Calculator.Tests", "Roblox\Task1\Calculator.Tests\Calculator.Tests.csproj", "{12A11C89-7E46-4DDD-97B3-49CDFD35F112}"
EndProject
Project("{2150E333-8FDC-42A3-9474-1A3956D46DE8}") = "docuSign", "docuSign", "{CB3B8789-65D8-4343-A547-5EE36223EC27}"
EndProject
Project("{2150E333-8FDC-42A3-9474-1A3956D46DE8}") = "Task1", "Task1", "{02B9F154-03B0-4FFD-AC7D-82DD870D3655}"
	ProjectSection(SolutionItems) = preProject
		docuSign\Task1\Description.md = docuSign\Task1\Description.md
	EndProjectSection
EndProject
Project("{9A19103F-16F7-4668-BE54-9A1E7A4F7556}") = "Intervals", "docuSign\Task1\Intervals\Intervals.csproj", "{2BB3D69D-69C7-41CC-8F13-AF539BC40820}"
EndProject
Project("{9A19103F-16F7-4668-BE54-9A1E7A4F7556}") = "Intervals.Tests", "docuSign\Task1\Intervals.Tests\Intervals.Tests.csproj", "{8CF86997-61D4-498D-8D29-E5EC8E934404}"
EndProject
Project("{2150E333-8FDC-42A3-9474-1A3956D46DE8}") = "OpenTable", "OpenTable", "{2DC4E28D-46B3-4F38-BE6E-9B85F8998E4C}"
EndProject
Project("{2150E333-8FDC-42A3-9474-1A3956D46DE8}") = "Task1", "Task1", "{ECA2C3F6-8353-488D-9629-D8072E9AF5AD}"
	ProjectSection(SolutionItems) = preProject
		OpenTable\Task1\Description.md = OpenTable\Task1\Description.md
	EndProjectSection
EndProject
Project("{9A19103F-16F7-4668-BE54-9A1E7A4F7556}") = "VideoRentalShop", "OpenTable\Task1\VideoRentalShop\VideoRentalShop.csproj", "{970CA427-02D9-4289-B0E1-8D69ABB09B38}"
EndProject
Project("{2150E333-8FDC-42A3-9474-1A3956D46DE8}") = "Docker", "Docker", "{4387EA9F-74B0-4EE6-835B-CAC6FE8271B9}"
EndProject
Project("{9A19103F-16F7-4668-BE54-9A1E7A4F7556}") = "DeckOfCards", "Docker\Task1\DeckOfCards\DeckOfCards.csproj", "{C0CB098F-A6DC-42C9-9C96-9490A42EC697}"
EndProject
Project("{2150E333-8FDC-42A3-9474-1A3956D46DE8}") = "Task1", "Task1", "{5A8E1FCB-DD93-4CFB-A361-1062DE1534EC}"
	ProjectSection(SolutionItems) = preProject
		Docker\Task1\Description.md = Docker\Task1\Description.md
	EndProjectSection
EndProject
Project("{9A19103F-16F7-4668-BE54-9A1E7A4F7556}") = "DeckOfCards.Tests", "Docker\Task1\DeckOfCards.Tests\DeckOfCards.Tests.csproj", "{8E967E85-895C-40BE-A44C-8AF2DD3A1C8E}"
EndProject
Project("{2150E333-8FDC-42A3-9474-1A3956D46DE8}") = "Task2", "Task2", "{DD745077-7D4A-43B3-A742-0AB9909BC6F7}"
	ProjectSection(SolutionItems) = preProject
		Docker\Task2\Description.md = Docker\Task2\Description.md
	EndProjectSection
EndProject
Project("{9A19103F-16F7-4668-BE54-9A1E7A4F7556}") = "List", "Docker\Task2\SinglyLinkedList\List.csproj", "{D554F1FB-FDE7-4155-9E9F-D231091EDC39}"
EndProject
Project("{9A19103F-16F7-4668-BE54-9A1E7A4F7556}") = "List.Tests", "Docker\Task2\SinglyLinkedList.Tests\List.Tests.csproj", "{F3E806FE-43F1-4E36-B0BD-21B50F6A4B97}"
EndProject
Project("{2150E333-8FDC-42A3-9474-1A3956D46DE8}") = "Task3", "Task3", "{D4C5AFF3-8294-461D-9F14-30F2681FED10}"
	ProjectSection(SolutionItems) = preProject
		Microsoft\Task3\Description.md = Microsoft\Task3\Description.md
	EndProjectSection
EndProject
Project("{9A19103F-16F7-4668-BE54-9A1E7A4F7556}") = "Graph", "Microsoft\Task3\Graph\Graph.csproj", "{BB92EBCF-F1A7-4548-AE9D-E7E061A63B6D}"
EndProject
Project("{9A19103F-16F7-4668-BE54-9A1E7A4F7556}") = "Graph.Tests", "Microsoft\Task3\Graph.Tests\Graph.Tests.csproj", "{B1707EF2-EE77-47D4-A431-0BF2388CDB1E}"
EndProject
Project("{2150E333-8FDC-42A3-9474-1A3956D46DE8}") = "Tesla", "Tesla", "{DD261E96-2156-47BE-A124-35DCAB714AFE}"
EndProject
Project("{2150E333-8FDC-42A3-9474-1A3956D46DE8}") = "Task1", "Task1", "{5C18F4AC-3092-451F-9E39-40B6856CA90F}"
	ProjectSection(SolutionItems) = preProject
		Tesla\Task1\Description.md = Tesla\Task1\Description.md
	EndProjectSection
EndProject
Project("{9A19103F-16F7-4668-BE54-9A1E7A4F7556}") = "Dice", "Tesla\Task1\Dice\Dice.csproj", "{322AB076-2FE8-43B6-9CD2-51979138F1E3}"
EndProject
Project("{FAE04EC0-301F-11D3-BF4B-00C04F79EFBC}") = "Dice.Tests", "Tesla\Task1\Dice.Tests\Dice.Tests.csproj", "{0F577BA0-76CF-4A4C-9C46-540A2AB6D1BB}"
EndProject
Global
	GlobalSection(SolutionConfigurationPlatforms) = preSolution
		Debug|Any CPU = Debug|Any CPU
		Release|Any CPU = Release|Any CPU
	EndGlobalSection
	GlobalSection(ProjectConfigurationPlatforms) = postSolution
		{B8F941B2-AB4C-4169-9F14-7F271D494FC7}.Debug|Any CPU.ActiveCfg = Debug|Any CPU
		{B8F941B2-AB4C-4169-9F14-7F271D494FC7}.Debug|Any CPU.Build.0 = Debug|Any CPU
		{B8F941B2-AB4C-4169-9F14-7F271D494FC7}.Release|Any CPU.ActiveCfg = Release|Any CPU
		{B8F941B2-AB4C-4169-9F14-7F271D494FC7}.Release|Any CPU.Build.0 = Release|Any CPU
		{B4B9E5B4-BC54-4D6F-93F4-E86938152D71}.Debug|Any CPU.ActiveCfg = Debug|Any CPU
		{B4B9E5B4-BC54-4D6F-93F4-E86938152D71}.Debug|Any CPU.Build.0 = Debug|Any CPU
		{B4B9E5B4-BC54-4D6F-93F4-E86938152D71}.Release|Any CPU.ActiveCfg = Release|Any CPU
		{B4B9E5B4-BC54-4D6F-93F4-E86938152D71}.Release|Any CPU.Build.0 = Release|Any CPU
		{75EC5CCF-C3B1-4831-BB6F-1D93B553812C}.Debug|Any CPU.ActiveCfg = Debug|Any CPU
		{75EC5CCF-C3B1-4831-BB6F-1D93B553812C}.Debug|Any CPU.Build.0 = Debug|Any CPU
		{75EC5CCF-C3B1-4831-BB6F-1D93B553812C}.Release|Any CPU.ActiveCfg = Release|Any CPU
		{75EC5CCF-C3B1-4831-BB6F-1D93B553812C}.Release|Any CPU.Build.0 = Release|Any CPU
		{8C98421F-2F52-42E5-8CF2-C822829146B1}.Debug|Any CPU.ActiveCfg = Debug|Any CPU
		{8C98421F-2F52-42E5-8CF2-C822829146B1}.Debug|Any CPU.Build.0 = Debug|Any CPU
		{8C98421F-2F52-42E5-8CF2-C822829146B1}.Release|Any CPU.ActiveCfg = Release|Any CPU
		{8C98421F-2F52-42E5-8CF2-C822829146B1}.Release|Any CPU.Build.0 = Release|Any CPU
		{5108DD4D-23C0-4E70-BFAE-2A6C4A60A3B1}.Debug|Any CPU.ActiveCfg = Debug|Any CPU
		{5108DD4D-23C0-4E70-BFAE-2A6C4A60A3B1}.Debug|Any CPU.Build.0 = Debug|Any CPU
		{5108DD4D-23C0-4E70-BFAE-2A6C4A60A3B1}.Release|Any CPU.ActiveCfg = Release|Any CPU
		{5108DD4D-23C0-4E70-BFAE-2A6C4A60A3B1}.Release|Any CPU.Build.0 = Release|Any CPU
		{14322115-5B74-47A8-9BA9-676E03D3F45D}.Debug|Any CPU.ActiveCfg = Debug|Any CPU
		{14322115-5B74-47A8-9BA9-676E03D3F45D}.Debug|Any CPU.Build.0 = Debug|Any CPU
		{14322115-5B74-47A8-9BA9-676E03D3F45D}.Release|Any CPU.ActiveCfg = Release|Any CPU
		{14322115-5B74-47A8-9BA9-676E03D3F45D}.Release|Any CPU.Build.0 = Release|Any CPU
		{4719DBB8-4F5E-4458-80C5-E99098C99F55}.Debug|Any CPU.ActiveCfg = Debug|Any CPU
		{4719DBB8-4F5E-4458-80C5-E99098C99F55}.Debug|Any CPU.Build.0 = Debug|Any CPU
		{4719DBB8-4F5E-4458-80C5-E99098C99F55}.Release|Any CPU.ActiveCfg = Release|Any CPU
		{4719DBB8-4F5E-4458-80C5-E99098C99F55}.Release|Any CPU.Build.0 = Release|Any CPU
		{12A11C89-7E46-4DDD-97B3-49CDFD35F112}.Debug|Any CPU.ActiveCfg = Debug|Any CPU
		{12A11C89-7E46-4DDD-97B3-49CDFD35F112}.Debug|Any CPU.Build.0 = Debug|Any CPU
		{12A11C89-7E46-4DDD-97B3-49CDFD35F112}.Release|Any CPU.ActiveCfg = Release|Any CPU
		{12A11C89-7E46-4DDD-97B3-49CDFD35F112}.Release|Any CPU.Build.0 = Release|Any CPU
		{2BB3D69D-69C7-41CC-8F13-AF539BC40820}.Debug|Any CPU.ActiveCfg = Debug|Any CPU
		{2BB3D69D-69C7-41CC-8F13-AF539BC40820}.Debug|Any CPU.Build.0 = Debug|Any CPU
		{2BB3D69D-69C7-41CC-8F13-AF539BC40820}.Release|Any CPU.ActiveCfg = Release|Any CPU
		{2BB3D69D-69C7-41CC-8F13-AF539BC40820}.Release|Any CPU.Build.0 = Release|Any CPU
		{8CF86997-61D4-498D-8D29-E5EC8E934404}.Debug|Any CPU.ActiveCfg = Debug|Any CPU
		{8CF86997-61D4-498D-8D29-E5EC8E934404}.Debug|Any CPU.Build.0 = Debug|Any CPU
		{8CF86997-61D4-498D-8D29-E5EC8E934404}.Release|Any CPU.ActiveCfg = Release|Any CPU
		{8CF86997-61D4-498D-8D29-E5EC8E934404}.Release|Any CPU.Build.0 = Release|Any CPU
		{970CA427-02D9-4289-B0E1-8D69ABB09B38}.Debug|Any CPU.ActiveCfg = Debug|Any CPU
		{970CA427-02D9-4289-B0E1-8D69ABB09B38}.Debug|Any CPU.Build.0 = Debug|Any CPU
		{970CA427-02D9-4289-B0E1-8D69ABB09B38}.Release|Any CPU.ActiveCfg = Release|Any CPU
		{970CA427-02D9-4289-B0E1-8D69ABB09B38}.Release|Any CPU.Build.0 = Release|Any CPU
		{C0CB098F-A6DC-42C9-9C96-9490A42EC697}.Debug|Any CPU.ActiveCfg = Debug|Any CPU
		{C0CB098F-A6DC-42C9-9C96-9490A42EC697}.Debug|Any CPU.Build.0 = Debug|Any CPU
		{C0CB098F-A6DC-42C9-9C96-9490A42EC697}.Release|Any CPU.ActiveCfg = Release|Any CPU
		{C0CB098F-A6DC-42C9-9C96-9490A42EC697}.Release|Any CPU.Build.0 = Release|Any CPU
		{8E967E85-895C-40BE-A44C-8AF2DD3A1C8E}.Debug|Any CPU.ActiveCfg = Debug|Any CPU
		{8E967E85-895C-40BE-A44C-8AF2DD3A1C8E}.Debug|Any CPU.Build.0 = Debug|Any CPU
		{8E967E85-895C-40BE-A44C-8AF2DD3A1C8E}.Release|Any CPU.ActiveCfg = Release|Any CPU
		{8E967E85-895C-40BE-A44C-8AF2DD3A1C8E}.Release|Any CPU.Build.0 = Release|Any CPU
		{D554F1FB-FDE7-4155-9E9F-D231091EDC39}.Debug|Any CPU.ActiveCfg = Debug|Any CPU
		{D554F1FB-FDE7-4155-9E9F-D231091EDC39}.Debug|Any CPU.Build.0 = Debug|Any CPU
		{D554F1FB-FDE7-4155-9E9F-D231091EDC39}.Release|Any CPU.ActiveCfg = Release|Any CPU
		{D554F1FB-FDE7-4155-9E9F-D231091EDC39}.Release|Any CPU.Build.0 = Release|Any CPU
		{F3E806FE-43F1-4E36-B0BD-21B50F6A4B97}.Debug|Any CPU.ActiveCfg = Debug|Any CPU
		{F3E806FE-43F1-4E36-B0BD-21B50F6A4B97}.Debug|Any CPU.Build.0 = Debug|Any CPU
		{F3E806FE-43F1-4E36-B0BD-21B50F6A4B97}.Release|Any CPU.ActiveCfg = Release|Any CPU
		{F3E806FE-43F1-4E36-B0BD-21B50F6A4B97}.Release|Any CPU.Build.0 = Release|Any CPU
		{BB92EBCF-F1A7-4548-AE9D-E7E061A63B6D}.Debug|Any CPU.ActiveCfg = Debug|Any CPU
		{BB92EBCF-F1A7-4548-AE9D-E7E061A63B6D}.Debug|Any CPU.Build.0 = Debug|Any CPU
		{BB92EBCF-F1A7-4548-AE9D-E7E061A63B6D}.Release|Any CPU.ActiveCfg = Release|Any CPU
		{BB92EBCF-F1A7-4548-AE9D-E7E061A63B6D}.Release|Any CPU.Build.0 = Release|Any CPU
		{B1707EF2-EE77-47D4-A431-0BF2388CDB1E}.Debug|Any CPU.ActiveCfg = Debug|Any CPU
		{B1707EF2-EE77-47D4-A431-0BF2388CDB1E}.Debug|Any CPU.Build.0 = Debug|Any CPU
		{B1707EF2-EE77-47D4-A431-0BF2388CDB1E}.Release|Any CPU.ActiveCfg = Release|Any CPU
		{B1707EF2-EE77-47D4-A431-0BF2388CDB1E}.Release|Any CPU.Build.0 = Release|Any CPU
		{322AB076-2FE8-43B6-9CD2-51979138F1E3}.Debug|Any CPU.ActiveCfg = Debug|Any CPU
		{322AB076-2FE8-43B6-9CD2-51979138F1E3}.Debug|Any CPU.Build.0 = Debug|Any CPU
		{322AB076-2FE8-43B6-9CD2-51979138F1E3}.Release|Any CPU.ActiveCfg = Release|Any CPU
		{322AB076-2FE8-43B6-9CD2-51979138F1E3}.Release|Any CPU.Build.0 = Release|Any CPU
		{0F577BA0-76CF-4A4C-9C46-540A2AB6D1BB}.Debug|Any CPU.ActiveCfg = Debug|Any CPU
		{0F577BA0-76CF-4A4C-9C46-540A2AB6D1BB}.Debug|Any CPU.Build.0 = Debug|Any CPU
		{0F577BA0-76CF-4A4C-9C46-540A2AB6D1BB}.Release|Any CPU.ActiveCfg = Release|Any CPU
		{0F577BA0-76CF-4A4C-9C46-540A2AB6D1BB}.Release|Any CPU.Build.0 = Release|Any CPU
	EndGlobalSection
	GlobalSection(SolutionProperties) = preSolution
		HideSolutionNode = FALSE
	EndGlobalSection
	GlobalSection(NestedProjects) = preSolution
		{40E3D954-B779-49DE-B045-F96C886CC960} = {C64C5217-D64B-497D-BD85-47284F18D167}
		{B8F941B2-AB4C-4169-9F14-7F271D494FC7} = {5B3E812C-CCC4-4F14-B5AC-64CCE38957D0}
		{B4B9E5B4-BC54-4D6F-93F4-E86938152D71} = {5B3E812C-CCC4-4F14-B5AC-64CCE38957D0}
		{5B3E812C-CCC4-4F14-B5AC-64CCE38957D0} = {C64C5217-D64B-497D-BD85-47284F18D167}
		{BC95BFC3-EB5D-4327-8686-F24094F335CA} = {4B31D763-7865-4DBB-B7B2-6A8A97F65437}
		{75EC5CCF-C3B1-4831-BB6F-1D93B553812C} = {BC95BFC3-EB5D-4327-8686-F24094F335CA}
		{8C98421F-2F52-42E5-8CF2-C822829146B1} = {BC95BFC3-EB5D-4327-8686-F24094F335CA}
		{28DF45CF-681F-4AC5-83B8-22F6B38AEA1D} = {4B31D763-7865-4DBB-B7B2-6A8A97F65437}
		{5108DD4D-23C0-4E70-BFAE-2A6C4A60A3B1} = {28DF45CF-681F-4AC5-83B8-22F6B38AEA1D}
		{14322115-5B74-47A8-9BA9-676E03D3F45D} = {28DF45CF-681F-4AC5-83B8-22F6B38AEA1D}
		{A746239B-B6F8-4F67-886D-5C3DF70CEA41} = {38475E4E-39F4-469C-9ECC-EFE8A42EC2AF}
		{4719DBB8-4F5E-4458-80C5-E99098C99F55} = {A746239B-B6F8-4F67-886D-5C3DF70CEA41}
		{12A11C89-7E46-4DDD-97B3-49CDFD35F112} = {A746239B-B6F8-4F67-886D-5C3DF70CEA41}
		{02B9F154-03B0-4FFD-AC7D-82DD870D3655} = {CB3B8789-65D8-4343-A547-5EE36223EC27}
		{2BB3D69D-69C7-41CC-8F13-AF539BC40820} = {02B9F154-03B0-4FFD-AC7D-82DD870D3655}
		{8CF86997-61D4-498D-8D29-E5EC8E934404} = {02B9F154-03B0-4FFD-AC7D-82DD870D3655}
		{ECA2C3F6-8353-488D-9629-D8072E9AF5AD} = {2DC4E28D-46B3-4F38-BE6E-9B85F8998E4C}
		{970CA427-02D9-4289-B0E1-8D69ABB09B38} = {ECA2C3F6-8353-488D-9629-D8072E9AF5AD}
		{C0CB098F-A6DC-42C9-9C96-9490A42EC697} = {5A8E1FCB-DD93-4CFB-A361-1062DE1534EC}
		{5A8E1FCB-DD93-4CFB-A361-1062DE1534EC} = {4387EA9F-74B0-4EE6-835B-CAC6FE8271B9}
		{8E967E85-895C-40BE-A44C-8AF2DD3A1C8E} = {5A8E1FCB-DD93-4CFB-A361-1062DE1534EC}
		{DD745077-7D4A-43B3-A742-0AB9909BC6F7} = {4387EA9F-74B0-4EE6-835B-CAC6FE8271B9}
		{D554F1FB-FDE7-4155-9E9F-D231091EDC39} = {DD745077-7D4A-43B3-A742-0AB9909BC6F7}
		{F3E806FE-43F1-4E36-B0BD-21B50F6A4B97} = {DD745077-7D4A-43B3-A742-0AB9909BC6F7}
		{D4C5AFF3-8294-461D-9F14-30F2681FED10} = {4B31D763-7865-4DBB-B7B2-6A8A97F65437}
		{BB92EBCF-F1A7-4548-AE9D-E7E061A63B6D} = {D4C5AFF3-8294-461D-9F14-30F2681FED10}
		{B1707EF2-EE77-47D4-A431-0BF2388CDB1E} = {D4C5AFF3-8294-461D-9F14-30F2681FED10}
		{5C18F4AC-3092-451F-9E39-40B6856CA90F} = {DD261E96-2156-47BE-A124-35DCAB714AFE}
		{322AB076-2FE8-43B6-9CD2-51979138F1E3} = {5C18F4AC-3092-451F-9E39-40B6856CA90F}
		{0F577BA0-76CF-4A4C-9C46-540A2AB6D1BB} = {5C18F4AC-3092-451F-9E39-40B6856CA90F}
	EndGlobalSection
	GlobalSection(ExtensibilityGlobals) = postSolution
		SolutionGuid = {EFE33FA3-A7E1-4FB1-BCC9-D046FA4FE331}
	EndGlobalSection
EndGlobal
