
Microsoft Visual Studio Solution File, Format Version 12.00
# Visual Studio 15
VisualStudioVersion = 15.0.27428.2015
MinimumVisualStudioVersion = 10.0.40219.1
Project("{2150E333-8FDC-42A3-9474-1A3956D46DE8}") = "automotiveMastermind", "automotiveMastermind", "{C64C5217-D64B-497D-BD85-47284F18D167}"
EndProject
Project("{2150E333-8FDC-42A3-9474-1A3956D46DE8}") = "Task1", "Task1", "{40E3D954-B779-49DE-B045-F96C886CC960}"
	ProjectSection(SolutionItems) = preProject
		automotiveMastermind\Task1\Description.md = automotiveMastermind\Task1\Description.md
	EndProjectSection
EndProject
Project("{9A19103F-16F7-4668-BE54-9A1E7A4F7556}") = "Converter", "automotiveMastermind\Task2\Converter\Converter.csproj", "{B8F941B2-AB4C-4169-9F14-7F271D494FC7}"
EndProject
Project("{9A19103F-16F7-4668-BE54-9A1E7A4F7556}") = "Converter.Tests", "automotiveMastermind\Task2\Converter.Tests\Converter.Tests.csproj", "{B4B9E5B4-BC54-4D6F-93F4-E86938152D71}"
EndProject
Project("{2150E333-8FDC-42A3-9474-1A3956D46DE8}") = "Task2", "Task2", "{5B3E812C-CCC4-4F14-B5AC-64CCE38957D0}"
	ProjectSection(SolutionItems) = preProject
		automotiveMastermind\Task2\Description.md = automotiveMastermind\Task2\Description.md
	EndProjectSection
EndProject
Global
	GlobalSection(SolutionConfigurationPlatforms) = preSolution
		Debug|Any CPU = Debug|Any CPU
		Release|Any CPU = Release|Any CPU
	EndGlobalSection
	GlobalSection(ProjectConfigurationPlatforms) = postSolution
		{B8F941B2-AB4C-4169-9F14-7F271D494FC7}.Debug|Any CPU.ActiveCfg = Debug|Any CPU
		{B8F941B2-AB4C-4169-9F14-7F271D494FC7}.Debug|Any CPU.Build.0 = Debug|Any CPU
		{B8F941B2-AB4C-4169-9F14-7F271D494FC7}.Release|Any CPU.ActiveCfg = Release|Any CPU
		{B8F941B2-AB4C-4169-9F14-7F271D494FC7}.Release|Any CPU.Build.0 = Release|Any CPU
		{B4B9E5B4-BC54-4D6F-93F4-E86938152D71}.Debug|Any CPU.ActiveCfg = Debug|Any CPU
		{B4B9E5B4-BC54-4D6F-93F4-E86938152D71}.Debug|Any CPU.Build.0 = Debug|Any CPU
		{B4B9E5B4-BC54-4D6F-93F4-E86938152D71}.Release|Any CPU.ActiveCfg = Release|Any CPU
		{B4B9E5B4-BC54-4D6F-93F4-E86938152D71}.Release|Any CPU.Build.0 = Release|Any CPU
	EndGlobalSection
	GlobalSection(SolutionProperties) = preSolution
		HideSolutionNode = FALSE
	EndGlobalSection
	GlobalSection(NestedProjects) = preSolution
		{40E3D954-B779-49DE-B045-F96C886CC960} = {C64C5217-D64B-497D-BD85-47284F18D167}
		{B8F941B2-AB4C-4169-9F14-7F271D494FC7} = {5B3E812C-CCC4-4F14-B5AC-64CCE38957D0}
		{B4B9E5B4-BC54-4D6F-93F4-E86938152D71} = {5B3E812C-CCC4-4F14-B5AC-64CCE38957D0}
		{5B3E812C-CCC4-4F14-B5AC-64CCE38957D0} = {C64C5217-D64B-497D-BD85-47284F18D167}
	EndGlobalSection
	GlobalSection(ExtensibilityGlobals) = postSolution
		SolutionGuid = {EFE33FA3-A7E1-4FB1-BCC9-D046FA4FE331}
	EndGlobalSection
EndGlobal
